
Microsoft Visual Studio Solution File, Format Version 12.00
# Visual Studio Version 17
VisualStudioVersion = 17.4.33213.308
MinimumVisualStudioVersion = 10.0.40219.1
Project("{FAE04EC0-301F-11D3-BF4B-00C04F79EFBC}") = "QPostMan", "QPostMan.csproj", "{157F07EC-5B44-46F1-AAAB-B35D5D47AE98}"
EndProject
Global
	GlobalSection(SolutionConfigurationPlatforms) = preSolution
		Debug|Any CPU = Debug|Any CPU
		Release|Any CPU = Release|Any CPU
	EndGlobalSection
	GlobalSection(ProjectConfigurationPlatforms) = postSolution
		{157F07EC-5B44-46F1-AAAB-B35D5D47AE98}.Debug|Any CPU.ActiveCfg = Debug|Any CPU
		{157F07EC-5B44-46F1-AAAB-B35D5D47AE98}.Debug|Any CPU.Build.0 = Debug|Any CPU
		{157F07EC-5B44-46F1-AAAB-B35D5D47AE98}.Release|Any CPU.ActiveCfg = Release|Any CPU
		{157F07EC-5B44-46F1-AAAB-B35D5D47AE98}.Release|Any CPU.Build.0 = Release|Any CPU
	EndGlobalSection
	GlobalSection(SolutionProperties) = preSolution
		HideSolutionNode = FALSE
	EndGlobalSection
	GlobalSection(ExtensibilityGlobals) = postSolution
		SolutionGuid = {E2A35506-1160-4284-AFC3-63D02299F797}
	EndGlobalSection
EndGlobal
